
Microsoft Visual Studio Solution File, Format Version 12.00
# Visual Studio 15
VisualStudioVersion = 15.0.26403.7
MinimumVisualStudioVersion = 10.0.40219.1
Project("{2150E333-8FDC-42A3-9474-1A3956D46DE8}") = "Solution Items", "Solution Items", "{E207A447-68A1-4D72-B24F-89FB7890AE12}"
	ProjectSection(SolutionItems) = preProject
		.gitattributes = .gitattributes
		.gitignore = .gitignore
		appveyor.yml = appveyor.yml
		changelog.md = changelog.md
		CommonAssemblyInfo.cs = CommonAssemblyInfo.cs
		contributing.md = contributing.md
		LICENSE = LICENSE
		readme.md = readme.md
		releases.txt = releases.txt
		SqlLocalDb.Common.props = SqlLocalDb.Common.props
		SqlLocalDb.ruleset = SqlLocalDb.ruleset
		SqlLocalDb.snk = SqlLocalDb.snk
		stylecop.json = stylecop.json
	EndProjectSection
EndProject
Project("{2150E333-8FDC-42A3-9474-1A3956D46DE8}") = "src", "src", "{2684B19D-7D49-4099-8BD2-4D281455EB29}"
EndProject
Project("{2150E333-8FDC-42A3-9474-1A3956D46DE8}") = "tests", "tests", "{278BCCB1-39B2-46DB-9395-7F85995A6132}"
EndProject
Project("{9A19103F-16F7-4668-BE54-9A1E7A4F7556}") = "System.Data.SqlLocalDb", "src\SqlLocalDb\System.Data.SqlLocalDb.csproj", "{566977D9-834A-4486-A505-3858A0BDB240}"
EndProject
Project("{9A19103F-16F7-4668-BE54-9A1E7A4F7556}") = "System.Data.SqlLocalDb.TestApp", "src\TestApp\System.Data.SqlLocalDb.TestApp.csproj", "{D4571C51-39F3-4519-9079-040CF8420863}"
EndProject
Project("{9A19103F-16F7-4668-BE54-9A1E7A4F7556}") = "System.Data.SqlLocalDb.UnitTests", "tests\SqlLocalDb.UnitTests\System.Data.SqlLocalDb.UnitTests.csproj", "{01B28914-8623-41E1-B8BA-429E476466F8}"
EndProject
Global
	GlobalSection(SolutionConfigurationPlatforms) = preSolution
		Debug|Any CPU = Debug|Any CPU
		Release|Any CPU = Release|Any CPU
	EndGlobalSection
	GlobalSection(ProjectConfigurationPlatforms) = postSolution
		{566977D9-834A-4486-A505-3858A0BDB240}.Debug|Any CPU.ActiveCfg = Debug|Any CPU
		{566977D9-834A-4486-A505-3858A0BDB240}.Debug|Any CPU.Build.0 = Debug|Any CPU
		{566977D9-834A-4486-A505-3858A0BDB240}.Release|Any CPU.ActiveCfg = Release|Any CPU
		{566977D9-834A-4486-A505-3858A0BDB240}.Release|Any CPU.Build.0 = Release|Any CPU
		{D4571C51-39F3-4519-9079-040CF8420863}.Debug|Any CPU.ActiveCfg = Debug|Any CPU
		{D4571C51-39F3-4519-9079-040CF8420863}.Debug|Any CPU.Build.0 = Debug|Any CPU
		{D4571C51-39F3-4519-9079-040CF8420863}.Release|Any CPU.ActiveCfg = Release|Any CPU
		{D4571C51-39F3-4519-9079-040CF8420863}.Release|Any CPU.Build.0 = Release|Any CPU
		{01B28914-8623-41E1-B8BA-429E476466F8}.Debug|Any CPU.ActiveCfg = Debug|Any CPU
		{01B28914-8623-41E1-B8BA-429E476466F8}.Debug|Any CPU.Build.0 = Debug|Any CPU
		{01B28914-8623-41E1-B8BA-429E476466F8}.Release|Any CPU.ActiveCfg = Release|Any CPU
		{01B28914-8623-41E1-B8BA-429E476466F8}.Release|Any CPU.Build.0 = Release|Any CPU
	EndGlobalSection
	GlobalSection(SolutionProperties) = preSolution
		HideSolutionNode = FALSE
	EndGlobalSection
	GlobalSection(NestedProjects) = preSolution
		{566977D9-834A-4486-A505-3858A0BDB240} = {2684B19D-7D49-4099-8BD2-4D281455EB29}
		{D4571C51-39F3-4519-9079-040CF8420863} = {2684B19D-7D49-4099-8BD2-4D281455EB29}
		{01B28914-8623-41E1-B8BA-429E476466F8} = {278BCCB1-39B2-46DB-9395-7F85995A6132}
	EndGlobalSection
EndGlobal
