
Microsoft Visual Studio Solution File, Format Version 12.00
# Visual Studio 15
VisualStudioVersion = 15.0.26403.7
MinimumVisualStudioVersion = 10.0.40219.1
Project("{2150E333-8FDC-42A3-9474-1A3956D46DE8}") = "Solution Items", "Solution Items", "{E207A447-68A1-4D72-B24F-89FB7890AE12}"
	ProjectSection(SolutionItems) = preProject
		.editorconfig = .editorconfig
		.gitattributes = .gitattributes
		.gitignore = .gitignore
		.travis.yml = .travis.yml
		appveyor.yml = appveyor.yml
		Build.ps1 = Build.ps1
		build.sh = build.sh
		CHANGELOG = CHANGELOG
		CODE_OF_CONDUCT.md = CODE_OF_CONDUCT.md
		CommonAssemblyInfo.cs = CommonAssemblyInfo.cs
		Directory.Build.props = Directory.Build.props
		Directory.Build.targets = Directory.Build.targets
		global.json = global.json
		LICENSE = LICENSE
		readme.md = readme.md
		SqlLocalDb.ruleset = SqlLocalDb.ruleset
		SqlLocalDb.snk = SqlLocalDb.snk
		stylecop.json = stylecop.json
	EndProjectSection
EndProject
Project("{2150E333-8FDC-42A3-9474-1A3956D46DE8}") = "src", "src", "{2684B19D-7D49-4099-8BD2-4D281455EB29}"
EndProject
Project("{2150E333-8FDC-42A3-9474-1A3956D46DE8}") = "tests", "tests", "{278BCCB1-39B2-46DB-9395-7F85995A6132}"
EndProject
Project("{9A19103F-16F7-4668-BE54-9A1E7A4F7556}") = "MartinCostello.SqlLocalDb", "src\SqlLocalDb\MartinCostello.SqlLocalDb.csproj", "{A0521A38-5703-449C-A633-295C3A21373E}"
EndProject
Project("{9A19103F-16F7-4668-BE54-9A1E7A4F7556}") = "MartinCostello.SqlLocalDb.TestApp", "src\TestApp\MartinCostello.SqlLocalDb.TestApp.csproj", "{9643FA0A-56FA-481E-94E3-262A3A0EE12F}"
EndProject
Project("{9A19103F-16F7-4668-BE54-9A1E7A4F7556}") = "MartinCostello.SqlLocalDb.Tests", "tests\SqlLocalDb.Tests\MartinCostello.SqlLocalDb.Tests.csproj", "{C80D956D-9878-4955-B89F-C29F9996DD1F}"
EndProject
Project("{2150E333-8FDC-42A3-9474-1A3956D46DE8}") = ".github", ".github", "{D0426D09-1FF8-4E1F-A9AF-38DDEE5D7CCA}"
	ProjectSection(SolutionItems) = preProject
		.github\CONTRIBUTING.md = .github\CONTRIBUTING.md
		.github\ISSUE_TEMPLATE.md = .github\ISSUE_TEMPLATE.md
		.github\PULL_REQUEST_TEMPLATE.md = .github\PULL_REQUEST_TEMPLATE.md
		.github\stale.yml = .github\stale.yml
	EndProjectSection
EndProject
Project("{2150E333-8FDC-42A3-9474-1A3956D46DE8}") = ".vscode", ".vscode", "{701E574A-6366-4AF9-9319-237968FA1089}"
	ProjectSection(SolutionItems) = preProject
		.vscode\launch.json = .vscode\launch.json
		.vscode\tasks.json = .vscode\tasks.json
	EndProjectSection
EndProject
Project("{2150E333-8FDC-42A3-9474-1A3956D46DE8}") = "samples", "samples", "{825D6F08-8321-4C6E-92A9-92543FDAF965}"
	ProjectSection(SolutionItems) = preProject
		samples\README.md = samples\README.md
	EndProjectSection
EndProject
Project("{9A19103F-16F7-4668-BE54-9A1E7A4F7556}") = "TodoApp", "samples\TodoApp\TodoApp.csproj", "{1B720E31-3AA8-4010-A3DB-187B2D0BC471}"
EndProject
Project("{9A19103F-16F7-4668-BE54-9A1E7A4F7556}") = "TodoApp.Tests", "samples\TodoApp.Tests\TodoApp.Tests.csproj", "{5B2AD682-C000-45D0-AECE-8DADED1616B7}"
EndProject
Project("{2150E333-8FDC-42A3-9474-1A3956D46DE8}") = ".azure-pipelines", ".azure-pipelines", "{CB75AAE3-CB43-44D7-A0C1-0FD8D21CD968}"
	ProjectSection(SolutionItems) = preProject
		.azure-pipelines\build-template.yml = .azure-pipelines\build-template.yml
		.azure-pipelines\build.yml = .azure-pipelines\build.yml
	EndProjectSection
EndProject
Global
	GlobalSection(SolutionConfigurationPlatforms) = preSolution
		Debug|Any CPU = Debug|Any CPU
		Release|Any CPU = Release|Any CPU
	EndGlobalSection
	GlobalSection(ProjectConfigurationPlatforms) = postSolution
		{A0521A38-5703-449C-A633-295C3A21373E}.Debug|Any CPU.ActiveCfg = Debug|Any CPU
		{A0521A38-5703-449C-A633-295C3A21373E}.Debug|Any CPU.Build.0 = Debug|Any CPU
		{A0521A38-5703-449C-A633-295C3A21373E}.Release|Any CPU.ActiveCfg = Release|Any CPU
		{A0521A38-5703-449C-A633-295C3A21373E}.Release|Any CPU.Build.0 = Release|Any CPU
		{9643FA0A-56FA-481E-94E3-262A3A0EE12F}.Debug|Any CPU.ActiveCfg = Debug|Any CPU
		{9643FA0A-56FA-481E-94E3-262A3A0EE12F}.Debug|Any CPU.Build.0 = Debug|Any CPU
		{9643FA0A-56FA-481E-94E3-262A3A0EE12F}.Release|Any CPU.ActiveCfg = Release|Any CPU
		{9643FA0A-56FA-481E-94E3-262A3A0EE12F}.Release|Any CPU.Build.0 = Release|Any CPU
		{C80D956D-9878-4955-B89F-C29F9996DD1F}.Debug|Any CPU.ActiveCfg = Debug|Any CPU
		{C80D956D-9878-4955-B89F-C29F9996DD1F}.Debug|Any CPU.Build.0 = Debug|Any CPU
		{C80D956D-9878-4955-B89F-C29F9996DD1F}.Release|Any CPU.ActiveCfg = Release|Any CPU
		{C80D956D-9878-4955-B89F-C29F9996DD1F}.Release|Any CPU.Build.0 = Release|Any CPU
		{1B720E31-3AA8-4010-A3DB-187B2D0BC471}.Debug|Any CPU.ActiveCfg = Debug|Any CPU
		{1B720E31-3AA8-4010-A3DB-187B2D0BC471}.Debug|Any CPU.Build.0 = Debug|Any CPU
		{1B720E31-3AA8-4010-A3DB-187B2D0BC471}.Release|Any CPU.ActiveCfg = Release|Any CPU
		{1B720E31-3AA8-4010-A3DB-187B2D0BC471}.Release|Any CPU.Build.0 = Release|Any CPU
		{5B2AD682-C000-45D0-AECE-8DADED1616B7}.Debug|Any CPU.ActiveCfg = Debug|Any CPU
		{5B2AD682-C000-45D0-AECE-8DADED1616B7}.Debug|Any CPU.Build.0 = Debug|Any CPU
		{5B2AD682-C000-45D0-AECE-8DADED1616B7}.Release|Any CPU.ActiveCfg = Release|Any CPU
		{5B2AD682-C000-45D0-AECE-8DADED1616B7}.Release|Any CPU.Build.0 = Release|Any CPU
	EndGlobalSection
	GlobalSection(SolutionProperties) = preSolution
		HideSolutionNode = FALSE
	EndGlobalSection
	GlobalSection(NestedProjects) = preSolution
		{A0521A38-5703-449C-A633-295C3A21373E} = {2684B19D-7D49-4099-8BD2-4D281455EB29}
		{9643FA0A-56FA-481E-94E3-262A3A0EE12F} = {2684B19D-7D49-4099-8BD2-4D281455EB29}
		{C80D956D-9878-4955-B89F-C29F9996DD1F} = {278BCCB1-39B2-46DB-9395-7F85995A6132}
		{D0426D09-1FF8-4E1F-A9AF-38DDEE5D7CCA} = {E207A447-68A1-4D72-B24F-89FB7890AE12}
		{701E574A-6366-4AF9-9319-237968FA1089} = {E207A447-68A1-4D72-B24F-89FB7890AE12}
		{1B720E31-3AA8-4010-A3DB-187B2D0BC471} = {825D6F08-8321-4C6E-92A9-92543FDAF965}
		{5B2AD682-C000-45D0-AECE-8DADED1616B7} = {825D6F08-8321-4C6E-92A9-92543FDAF965}
		{CB75AAE3-CB43-44D7-A0C1-0FD8D21CD968} = {E207A447-68A1-4D72-B24F-89FB7890AE12}
	EndGlobalSection
	GlobalSection(ExtensibilityGlobals) = postSolution
		SolutionGuid = {3B9E157C-5E92-4357-B233-281B4530EABD}
	EndGlobalSection
EndGlobal
