
Microsoft Visual Studio Solution File, Format Version 12.00
# Visual Studio 2013
VisualStudioVersion = 12.0.31101.0
MinimumVisualStudioVersion = 10.0.40219.1
Project("{FAE04EC0-301F-11D3-BF4B-00C04F79EFBC}") = "System.Data.SqlLocalDb", "SqlLocalDb\System.Data.SqlLocalDb.csproj", "{B235F2A6-A8A2-4CE6-B3B0-54FFB89DE7DD}"
EndProject
Project("{FAE04EC0-301F-11D3-BF4B-00C04F79EFBC}") = "System.Data.SqlLocalDb.UnitTests", "SqlLocalDb.UnitTests\System.Data.SqlLocalDb.UnitTests.csproj", "{AA95196F-ADCA-4FF8-A52D-53B1E24DF81F}"
EndProject
Project("{2150E333-8FDC-42A3-9474-1A3956D46DE8}") = "Solution Items", "Solution Items", "{E207A447-68A1-4D72-B24F-89FB7890AE12}"
	ProjectSection(SolutionItems) = preProject
		..\.gitattributes = ..\.gitattributes
		..\.gitignore = ..\.gitignore
		..\appveyor.yml = ..\appveyor.yml
		AssemblyVersion.cs = AssemblyVersion.cs
		AssemblyVersion.targets = AssemblyVersion.targets
		..\Build.cmd = ..\Build.cmd
		..\changelog.md = ..\changelog.md
		CommonAssemblyInfo.cs = CommonAssemblyInfo.cs
		..\contributing.md = ..\contributing.md
		FxCopDictionary.xml = FxCopDictionary.xml
		..\LICENSE.txt = ..\LICENSE.txt
		..\readme.md = ..\readme.md
		SqlLocalDb.Common.targets = SqlLocalDb.Common.targets
		SqlLocalDb.msbuild = SqlLocalDb.msbuild
		SqlLocalDb.nuspec = SqlLocalDb.nuspec
		SqlLocalDb.ruleset = SqlLocalDb.ruleset
		SqlLocalDb.runsettings = SqlLocalDb.runsettings
		SqlLocalDb.snk = SqlLocalDb.snk
	EndProjectSection
EndProject
Project("{FAE04EC0-301F-11D3-BF4B-00C04F79EFBC}") = "System.Data.SqlLocalDb.TestApp", "TestApp\System.Data.SqlLocalDb.TestApp.csproj", "{FB9017DA-0F3C-4A17-AF09-55F6AAE48B7B}"
EndProject
Project("{2150E333-8FDC-42A3-9474-1A3956D46DE8}") = "NuGet", "NuGet", "{B415E9C5-3B98-4F05-A71A-BF8FF9A696AB}"
	ProjectSection(SolutionItems) = preProject
		Tools\NuGet\NuGet.config = Tools\NuGet\NuGet.config
		Tools\NuGet\NuGet.exe = Tools\NuGet\NuGet.exe
		.nuget\packages.config = .nuget\packages.config
		packages\repositories.config = packages\repositories.config
	EndProjectSection
EndProject
Project("{2150E333-8FDC-42A3-9474-1A3956D46DE8}") = "StyleCop", "StyleCop", "{5F16D00C-39D3-45C2-A7A9-18A01E323809}"
	ProjectSection(SolutionItems) = preProject
		Tools\StyleCop\CustomDictionary.en-US.xml = Tools\StyleCop\CustomDictionary.en-US.xml
		Tools\StyleCop\CustomDictionary.xml = Tools\StyleCop\CustomDictionary.xml
		Tools\StyleCop\mssp7en.dll = Tools\StyleCop\mssp7en.dll
		Tools\StyleCop\mssp7en.lex = Tools\StyleCop\mssp7en.lex
		Settings.StyleCop = Settings.StyleCop
		Tools\StyleCop\StyleCop.CSharp.dll = Tools\StyleCop\StyleCop.CSharp.dll
		Tools\StyleCop\StyleCop.CSharp.Rules.dll = Tools\StyleCop\StyleCop.CSharp.Rules.dll
		Tools\StyleCop\StyleCop.dll = Tools\StyleCop\StyleCop.dll
		Tools\StyleCop\StyleCop.Targets = Tools\StyleCop\StyleCop.Targets
	EndProjectSection
EndProject
Project("{FAE04EC0-301F-11D3-BF4B-00C04F79EFBC}") = "System.Data.SqlLocalDb.EFSample", "SqlLocalDb.EFSample\System.Data.SqlLocalDb.EFSample.csproj", "{7F82244A-6B6E-4718-A15B-DAB40D6FFEB4}"
EndProject
Project("{2150E333-8FDC-42A3-9474-1A3956D46DE8}") = "Tools", "Tools", "{C1285F26-933A-4A35-9AF1-1F35A3CE25AF}"
EndProject
Project("{2150E333-8FDC-42A3-9474-1A3956D46DE8}") = "MSBuildExtensionPack", "MSBuildExtensionPack", "{42978B8C-754C-4144-A45D-4141B22A84DF}"
	ProjectSection(SolutionItems) = preProject
		Tools\MSBuildExtensionPack\Ionic.Zip.dll = Tools\MSBuildExtensionPack\Ionic.Zip.dll
		Tools\MSBuildExtensionPack\MSBuild.ExtensionPack.dll = Tools\MSBuildExtensionPack\MSBuild.ExtensionPack.dll
	EndProjectSection
EndProject
Project("{2150E333-8FDC-42A3-9474-1A3956D46DE8}") = "Curl", "Curl", "{2C273D35-E10C-4C20-A534-BF19BC5FFB87}"
	ProjectSection(SolutionItems) = preProject
		Tools\Curl\curl.exe = Tools\Curl\curl.exe
		Tools\Curl\libcurl.dll = Tools\Curl\libcurl.dll
		Tools\Curl\libidn-11.dll = Tools\Curl\libidn-11.dll
		Tools\Curl\ssleay32.dll = Tools\Curl\ssleay32.dll
	EndProjectSection
EndProject
Global
	GlobalSection(SolutionConfigurationPlatforms) = preSolution
		Debug|Any CPU = Debug|Any CPU
		Release|Any CPU = Release|Any CPU
	EndGlobalSection
	GlobalSection(ProjectConfigurationPlatforms) = postSolution
		{B235F2A6-A8A2-4CE6-B3B0-54FFB89DE7DD}.Debug|Any CPU.ActiveCfg = Debug|Any CPU
		{B235F2A6-A8A2-4CE6-B3B0-54FFB89DE7DD}.Debug|Any CPU.Build.0 = Debug|Any CPU
		{B235F2A6-A8A2-4CE6-B3B0-54FFB89DE7DD}.Release|Any CPU.ActiveCfg = Release|Any CPU
		{B235F2A6-A8A2-4CE6-B3B0-54FFB89DE7DD}.Release|Any CPU.Build.0 = Release|Any CPU
		{AA95196F-ADCA-4FF8-A52D-53B1E24DF81F}.Debug|Any CPU.ActiveCfg = Debug|Any CPU
		{AA95196F-ADCA-4FF8-A52D-53B1E24DF81F}.Debug|Any CPU.Build.0 = Debug|Any CPU
		{AA95196F-ADCA-4FF8-A52D-53B1E24DF81F}.Release|Any CPU.ActiveCfg = Release|Any CPU
		{AA95196F-ADCA-4FF8-A52D-53B1E24DF81F}.Release|Any CPU.Build.0 = Release|Any CPU
		{FB9017DA-0F3C-4A17-AF09-55F6AAE48B7B}.Debug|Any CPU.ActiveCfg = Debug|Any CPU
		{FB9017DA-0F3C-4A17-AF09-55F6AAE48B7B}.Debug|Any CPU.Build.0 = Debug|Any CPU
		{FB9017DA-0F3C-4A17-AF09-55F6AAE48B7B}.Release|Any CPU.ActiveCfg = Release|Any CPU
		{FB9017DA-0F3C-4A17-AF09-55F6AAE48B7B}.Release|Any CPU.Build.0 = Release|Any CPU
		{7F82244A-6B6E-4718-A15B-DAB40D6FFEB4}.Debug|Any CPU.ActiveCfg = Debug|Any CPU
		{7F82244A-6B6E-4718-A15B-DAB40D6FFEB4}.Debug|Any CPU.Build.0 = Debug|Any CPU
		{7F82244A-6B6E-4718-A15B-DAB40D6FFEB4}.Release|Any CPU.ActiveCfg = Release|Any CPU
		{7F82244A-6B6E-4718-A15B-DAB40D6FFEB4}.Release|Any CPU.Build.0 = Release|Any CPU
	EndGlobalSection
	GlobalSection(SolutionProperties) = preSolution
		HideSolutionNode = FALSE
	EndGlobalSection
	GlobalSection(NestedProjects) = preSolution
		{B415E9C5-3B98-4F05-A71A-BF8FF9A696AB} = {C1285F26-933A-4A35-9AF1-1F35A3CE25AF}
		{5F16D00C-39D3-45C2-A7A9-18A01E323809} = {C1285F26-933A-4A35-9AF1-1F35A3CE25AF}
		{C1285F26-933A-4A35-9AF1-1F35A3CE25AF} = {E207A447-68A1-4D72-B24F-89FB7890AE12}
		{42978B8C-754C-4144-A45D-4141B22A84DF} = {C1285F26-933A-4A35-9AF1-1F35A3CE25AF}
		{2C273D35-E10C-4C20-A534-BF19BC5FFB87} = {C1285F26-933A-4A35-9AF1-1F35A3CE25AF}
	EndGlobalSection
EndGlobal
