
Microsoft Visual Studio Solution File, Format Version 12.00
# Visual Studio 2013
VisualStudioVersion = 12.0.21005.1
MinimumVisualStudioVersion = 10.0.40219.1
Project("{FAE04EC0-301F-11D3-BF4B-00C04F79EFBC}") = "System.Data.SqlLocalDb", "SqlLocalDb\System.Data.SqlLocalDb.csproj", "{B235F2A6-A8A2-4CE6-B3B0-54FFB89DE7DD}"
	ProjectSection(ProjectDependencies) = postProject
		{09F3F3B0-F4C2-4EE0-BBB0-CE397F235D36} = {09F3F3B0-F4C2-4EE0-BBB0-CE397F235D36}
	EndProjectSection
EndProject
Project("{FAE04EC0-301F-11D3-BF4B-00C04F79EFBC}") = "System.Data.SqlLocalDb.UnitTests", "SqlLocalDb.UnitTests\System.Data.SqlLocalDb.UnitTests.csproj", "{AA95196F-ADCA-4FF8-A52D-53B1E24DF81F}"
EndProject
Project("{2150E333-8FDC-42A3-9474-1A3956D46DE8}") = "Solution Items", "Solution Items", "{E207A447-68A1-4D72-B24F-89FB7890AE12}"
	ProjectSection(SolutionItems) = preProject
		AssemblyVersion.cs = AssemblyVersion.cs
		AssemblyVersion.targets = AssemblyVersion.targets
		Build.cmd = Build.cmd
		CommonAssemblyInfo.cs = CommonAssemblyInfo.cs
		CommonVersionInfo.h = CommonVersionInfo.h
		FxCopDictionary.xml = FxCopDictionary.xml
		license.txt = license.txt
		SqlLocalDb.Common.targets = SqlLocalDb.Common.targets
		SqlLocalDb.msbuild = SqlLocalDb.msbuild
		SqlLocalDb.ruleset = SqlLocalDb.ruleset
		SqlLocalDb.runsettings = SqlLocalDb.runsettings
		SqlLocalDb.snk = SqlLocalDb.snk
	EndProjectSection
EndProject
Project("{FAE04EC0-301F-11D3-BF4B-00C04F79EFBC}") = "System.Data.SqlLocalDb.TestApp", "TestApp\System.Data.SqlLocalDb.TestApp.csproj", "{FB9017DA-0F3C-4A17-AF09-55F6AAE48B7B}"
EndProject
Project("{2150E333-8FDC-42A3-9474-1A3956D46DE8}") = "NuGet", "NuGet", "{B415E9C5-3B98-4F05-A71A-BF8FF9A696AB}"
	ProjectSection(SolutionItems) = preProject
		Tools\NuGet\NuGet.config = Tools\NuGet\NuGet.config
		Tools\NuGet\NuGet.exe = Tools\NuGet\NuGet.exe
		Tools\NuGet\NuGet.targets = Tools\NuGet\NuGet.targets
		packages\repositories.config = packages\repositories.config
		Tools\NuGet\SqlLocalDb.nuspec = Tools\NuGet\SqlLocalDb.nuspec
	EndProjectSection
EndProject
Project("{2150E333-8FDC-42A3-9474-1A3956D46DE8}") = "StyleCop", "StyleCop", "{5F16D00C-39D3-45C2-A7A9-18A01E323809}"
	ProjectSection(SolutionItems) = preProject
		Settings.StyleCop = Settings.StyleCop
		Tools\StyleCop\StyleCop.Targets = Tools\StyleCop\StyleCop.Targets
	EndProjectSection
EndProject
Project("{8BC9CEB8-8B4A-11D0-8D11-00A0C91BC942}") = "System.Data.SqlLocalDb.Interop", "SqlLocalDb.Interop\System.Data.SqlLocalDb.Interop.vcxproj", "{09F3F3B0-F4C2-4EE0-BBB0-CE397F235D36}"
EndProject
Project("{FAE04EC0-301F-11D3-BF4B-00C04F79EFBC}") = "System.Data.SqlLocalDb.EFSample", "SqlLocalDb.EFSample\System.Data.SqlLocalDb.EFSample.csproj", "{7F82244A-6B6E-4718-A15B-DAB40D6FFEB4}"
EndProject
Global
	GlobalSection(SolutionConfigurationPlatforms) = preSolution
		Debug|x64 = Debug|x64
		Debug|x86 = Debug|x86
		Release|x64 = Release|x64
		Release|x86 = Release|x86
	EndGlobalSection
	GlobalSection(ProjectConfigurationPlatforms) = postSolution
		{B235F2A6-A8A2-4CE6-B3B0-54FFB89DE7DD}.Debug|x64.ActiveCfg = Debug|Any CPU
		{B235F2A6-A8A2-4CE6-B3B0-54FFB89DE7DD}.Debug|x64.Build.0 = Debug|Any CPU
		{B235F2A6-A8A2-4CE6-B3B0-54FFB89DE7DD}.Debug|x86.ActiveCfg = Debug|Any CPU
		{B235F2A6-A8A2-4CE6-B3B0-54FFB89DE7DD}.Debug|x86.Build.0 = Debug|Any CPU
		{B235F2A6-A8A2-4CE6-B3B0-54FFB89DE7DD}.Release|x64.ActiveCfg = Release|Any CPU
		{B235F2A6-A8A2-4CE6-B3B0-54FFB89DE7DD}.Release|x64.Build.0 = Release|Any CPU
		{B235F2A6-A8A2-4CE6-B3B0-54FFB89DE7DD}.Release|x86.ActiveCfg = Release|Any CPU
		{B235F2A6-A8A2-4CE6-B3B0-54FFB89DE7DD}.Release|x86.Build.0 = Release|Any CPU
		{AA95196F-ADCA-4FF8-A52D-53B1E24DF81F}.Debug|x64.ActiveCfg = Debug|Any CPU
		{AA95196F-ADCA-4FF8-A52D-53B1E24DF81F}.Debug|x64.Build.0 = Debug|Any CPU
		{AA95196F-ADCA-4FF8-A52D-53B1E24DF81F}.Debug|x86.ActiveCfg = Debug|Any CPU
		{AA95196F-ADCA-4FF8-A52D-53B1E24DF81F}.Debug|x86.Build.0 = Debug|Any CPU
		{AA95196F-ADCA-4FF8-A52D-53B1E24DF81F}.Release|x64.ActiveCfg = Release|Any CPU
		{AA95196F-ADCA-4FF8-A52D-53B1E24DF81F}.Release|x64.Build.0 = Release|Any CPU
		{AA95196F-ADCA-4FF8-A52D-53B1E24DF81F}.Release|x86.ActiveCfg = Release|Any CPU
		{AA95196F-ADCA-4FF8-A52D-53B1E24DF81F}.Release|x86.Build.0 = Release|Any CPU
		{FB9017DA-0F3C-4A17-AF09-55F6AAE48B7B}.Debug|x64.ActiveCfg = Debug|x64
		{FB9017DA-0F3C-4A17-AF09-55F6AAE48B7B}.Debug|x64.Build.0 = Debug|x64
		{FB9017DA-0F3C-4A17-AF09-55F6AAE48B7B}.Debug|x86.ActiveCfg = Debug|x86
		{FB9017DA-0F3C-4A17-AF09-55F6AAE48B7B}.Debug|x86.Build.0 = Debug|x86
		{FB9017DA-0F3C-4A17-AF09-55F6AAE48B7B}.Release|x64.ActiveCfg = Release|x64
		{FB9017DA-0F3C-4A17-AF09-55F6AAE48B7B}.Release|x64.Build.0 = Release|x64
		{FB9017DA-0F3C-4A17-AF09-55F6AAE48B7B}.Release|x86.ActiveCfg = Release|x86
		{FB9017DA-0F3C-4A17-AF09-55F6AAE48B7B}.Release|x86.Build.0 = Release|x86
		{09F3F3B0-F4C2-4EE0-BBB0-CE397F235D36}.Debug|x64.ActiveCfg = Debug|x64
		{09F3F3B0-F4C2-4EE0-BBB0-CE397F235D36}.Debug|x64.Build.0 = Debug|x64
		{09F3F3B0-F4C2-4EE0-BBB0-CE397F235D36}.Debug|x86.ActiveCfg = Debug|Win32
		{09F3F3B0-F4C2-4EE0-BBB0-CE397F235D36}.Debug|x86.Build.0 = Debug|Win32
		{09F3F3B0-F4C2-4EE0-BBB0-CE397F235D36}.Release|x64.ActiveCfg = Release|x64
		{09F3F3B0-F4C2-4EE0-BBB0-CE397F235D36}.Release|x64.Build.0 = Release|x64
		{09F3F3B0-F4C2-4EE0-BBB0-CE397F235D36}.Release|x86.ActiveCfg = Release|Win32
		{09F3F3B0-F4C2-4EE0-BBB0-CE397F235D36}.Release|x86.Build.0 = Release|Win32
		{7F82244A-6B6E-4718-A15B-DAB40D6FFEB4}.Debug|x64.ActiveCfg = Debug|Any CPU
		{7F82244A-6B6E-4718-A15B-DAB40D6FFEB4}.Debug|x64.Build.0 = Debug|Any CPU
		{7F82244A-6B6E-4718-A15B-DAB40D6FFEB4}.Debug|x86.ActiveCfg = Debug|Any CPU
		{7F82244A-6B6E-4718-A15B-DAB40D6FFEB4}.Debug|x86.Build.0 = Debug|Any CPU
		{7F82244A-6B6E-4718-A15B-DAB40D6FFEB4}.Release|x64.ActiveCfg = Release|Any CPU
		{7F82244A-6B6E-4718-A15B-DAB40D6FFEB4}.Release|x64.Build.0 = Release|Any CPU
		{7F82244A-6B6E-4718-A15B-DAB40D6FFEB4}.Release|x86.ActiveCfg = Release|Any CPU
		{7F82244A-6B6E-4718-A15B-DAB40D6FFEB4}.Release|x86.Build.0 = Release|Any CPU
	EndGlobalSection
	GlobalSection(SolutionProperties) = preSolution
		HideSolutionNode = FALSE
	EndGlobalSection
	GlobalSection(NestedProjects) = preSolution
		{B415E9C5-3B98-4F05-A71A-BF8FF9A696AB} = {E207A447-68A1-4D72-B24F-89FB7890AE12}
		{5F16D00C-39D3-45C2-A7A9-18A01E323809} = {E207A447-68A1-4D72-B24F-89FB7890AE12}
	EndGlobalSection
EndGlobal
